
Microsoft Visual Studio Solution File, Format Version 12.00
# Visual Studio 15
VisualStudioVersion = 15.0.26228.9
MinimumVisualStudioVersion = 10.0.40219.1
Project("{2150E333-8FDC-42A3-9474-1A3956D46DE8}") = "src", "src", "{AFAA0841-BD93-466F-B8F4-FB4EEC86F1FC}"
EndProject
Project("{2150E333-8FDC-42A3-9474-1A3956D46DE8}") = "test", "test", "{F10AA149-2626-486E-85BB-9CD5365F3016}"
EndProject
Project("{9A19103F-16F7-4668-BE54-9A1E7A4F7556}") = "InfinitySales.Core", "src\InfinitySales.Core\InfinitySales.Core.csproj", "{0FA75A5B-AB83-4FD0-B545-279774C01E87}"
EndProject
Project("{9A19103F-16F7-4668-BE54-9A1E7A4F7556}") = "InfinitySales.Application", "src\InfinitySales.Application\InfinitySales.Application.csproj", "{3870C648-4AEA-4B85-BA3F-F2F63B96136A}"
EndProject
Project("{9A19103F-16F7-4668-BE54-9A1E7A4F7556}") = "InfinitySales.Tests", "test\InfinitySales.Tests\InfinitySales.Tests.csproj", "{0D4C5D00-C144-4213-A007-4B8944113AB1}"
EndProject
Project("{9A19103F-16F7-4668-BE54-9A1E7A4F7556}") = "InfinitySales.Migrator", "src\InfinitySales.Migrator\InfinitySales.Migrator.csproj", "{880B3591-E057-46FE-B525-10BD83828B93}"
EndProject
Project("{9A19103F-16F7-4668-BE54-9A1E7A4F7556}") = "InfinitySales.Web.Host", "src\InfinitySales.Web.Host\InfinitySales.Web.Host.csproj", "{38E184BD-E874-4633-A947-AED4FDB73F40}"
EndProject
Project("{9A19103F-16F7-4668-BE54-9A1E7A4F7556}") = "InfinitySales.Web.Core", "src\InfinitySales.Web.Core\InfinitySales.Web.Core.csproj", "{22CFE0D2-8DCA-42D7-AD7D-784C3862493F}"
EndProject
Project("{9A19103F-16F7-4668-BE54-9A1E7A4F7556}") = "InfinitySales.Web.Mvc", "src\InfinitySales.Web.Mvc\InfinitySales.Web.Mvc.csproj", "{A2213374-BB48-48FD-BBD4-81E6A961D866}"
EndProject
Project("{9A19103F-16F7-4668-BE54-9A1E7A4F7556}") = "InfinitySales.EntityFrameworkCore", "src\InfinitySales.EntityFrameworkCore\InfinitySales.EntityFrameworkCore.csproj", "{E0580562-F8F2-4EBB-B07A-ABFC6F2C314F}"
EndProject
Project("{2150E333-8FDC-42A3-9474-1A3956D46DE8}") = "base", "base", "{1B4E6C10-6698-45F8-9AAF-18921368CBE2}"
EndProject
Project("{9A19103F-16F7-4668-BE54-9A1E7A4F7556}") = "Abp.AutoMapper", "base\Abp.AutoMapper\Abp.AutoMapper.csproj", "{8C49F763-74FE-4BFB-9224-0DF1BDDC6E5A}"
EndProject
Project("{9A19103F-16F7-4668-BE54-9A1E7A4F7556}") = "Abp", "base\Abp\Abp.csproj", "{2AF22696-CBD7-436C-835D-036E2A3DA651}"
EndProject
Project("{9A19103F-16F7-4668-BE54-9A1E7A4F7556}") = "Abp.MailKit", "base\Abp.MailKit\Abp.MailKit.csproj", "{16A001AB-5302-475C-A7E5-54FE621E9C74}"
EndProject
Project("{9A19103F-16F7-4668-BE54-9A1E7A4F7556}") = "Abp.ZeroCore.EntityFrameworkCore", "base\Abp.ZeroCore.EntityFrameworkCore\Abp.ZeroCore.EntityFrameworkCore.csproj", "{78080034-04EF-45F1-AACC-AF840BB3B11C}"
EndProject
Project("{9A19103F-16F7-4668-BE54-9A1E7A4F7556}") = "Abp.EntityFramework.Common", "base\Abp.EntityFramework.Common\Abp.EntityFramework.Common.csproj", "{ED99F3DF-5EB6-4EC4-90C3-8302155525ED}"
EndProject
Project("{9A19103F-16F7-4668-BE54-9A1E7A4F7556}") = "Abp.Zero.Common", "base\Abp.Zero.Common\Abp.Zero.Common.csproj", "{A4DA9148-A0F6-4C42-8F3B-6FD580E7DE4B}"
EndProject
Project("{9A19103F-16F7-4668-BE54-9A1E7A4F7556}") = "Abp.ZeroCore", "base\Abp.ZeroCore\Abp.ZeroCore.csproj", "{29A76794-51A8-4CCA-BC75-B4913A947E47}"
EndProject
Project("{9A19103F-16F7-4668-BE54-9A1E7A4F7556}") = "Abp.EntityFrameworkCore", "base\Abp.EntityFrameworkCore\Abp.EntityFrameworkCore.csproj", "{4AA60522-924C-4A34-95F5-21F66C585F22}"
EndProject
Project("{9A19103F-16F7-4668-BE54-9A1E7A4F7556}") = "Abp.Castle.Log4Net", "base\Abp.Castle.Log4Net\Abp.Castle.Log4Net.csproj", "{6AE2E139-FAC2-4580-A656-1A7F1E820566}"
EndProject
Project("{9A19103F-16F7-4668-BE54-9A1E7A4F7556}") = "Abp.AspNetCore", "base\Abp.AspNetCore\Abp.AspNetCore.csproj", "{C0519A22-F88E-4ECB-A460-AC48D89B10E1}"
EndProject
Project("{9A19103F-16F7-4668-BE54-9A1E7A4F7556}") = "Abp.Web.Common", "base\Abp.Web.Common\Abp.Web.Common.csproj", "{BCA43974-659F-45C6-B539-73EA5B63F9D1}"
EndProject
Project("{9A19103F-16F7-4668-BE54-9A1E7A4F7556}") = "Abp.AspNetCore.SignalR", "base\Abp.AspNetCore.SignalR\Abp.AspNetCore.SignalR.csproj", "{67B8FEDC-14A6-4C14-927A-4913052E19FA}"
EndProject
Global
	GlobalSection(SolutionConfigurationPlatforms) = preSolution
		Debug|Any CPU = Debug|Any CPU
		Release|Any CPU = Release|Any CPU
	EndGlobalSection
	GlobalSection(ProjectConfigurationPlatforms) = postSolution
		{0FA75A5B-AB83-4FD0-B545-279774C01E87}.Debug|Any CPU.ActiveCfg = Debug|Any CPU
		{0FA75A5B-AB83-4FD0-B545-279774C01E87}.Debug|Any CPU.Build.0 = Debug|Any CPU
		{0FA75A5B-AB83-4FD0-B545-279774C01E87}.Release|Any CPU.ActiveCfg = Release|Any CPU
		{0FA75A5B-AB83-4FD0-B545-279774C01E87}.Release|Any CPU.Build.0 = Release|Any CPU
		{3870C648-4AEA-4B85-BA3F-F2F63B96136A}.Debug|Any CPU.ActiveCfg = Debug|Any CPU
		{3870C648-4AEA-4B85-BA3F-F2F63B96136A}.Debug|Any CPU.Build.0 = Debug|Any CPU
		{3870C648-4AEA-4B85-BA3F-F2F63B96136A}.Release|Any CPU.ActiveCfg = Release|Any CPU
		{3870C648-4AEA-4B85-BA3F-F2F63B96136A}.Release|Any CPU.Build.0 = Release|Any CPU
		{0D4C5D00-C144-4213-A007-4B8944113AB1}.Debug|Any CPU.ActiveCfg = Debug|Any CPU
		{0D4C5D00-C144-4213-A007-4B8944113AB1}.Debug|Any CPU.Build.0 = Debug|Any CPU
		{0D4C5D00-C144-4213-A007-4B8944113AB1}.Release|Any CPU.ActiveCfg = Release|Any CPU
		{0D4C5D00-C144-4213-A007-4B8944113AB1}.Release|Any CPU.Build.0 = Release|Any CPU
		{880B3591-E057-46FE-B525-10BD83828B93}.Debug|Any CPU.ActiveCfg = Debug|Any CPU
		{880B3591-E057-46FE-B525-10BD83828B93}.Debug|Any CPU.Build.0 = Debug|Any CPU
		{880B3591-E057-46FE-B525-10BD83828B93}.Release|Any CPU.ActiveCfg = Release|Any CPU
		{880B3591-E057-46FE-B525-10BD83828B93}.Release|Any CPU.Build.0 = Release|Any CPU
		{38E184BD-E874-4633-A947-AED4FDB73F40}.Debug|Any CPU.ActiveCfg = Debug|Any CPU
		{38E184BD-E874-4633-A947-AED4FDB73F40}.Debug|Any CPU.Build.0 = Debug|Any CPU
		{38E184BD-E874-4633-A947-AED4FDB73F40}.Release|Any CPU.ActiveCfg = Release|Any CPU
		{38E184BD-E874-4633-A947-AED4FDB73F40}.Release|Any CPU.Build.0 = Release|Any CPU
		{22CFE0D2-8DCA-42D7-AD7D-784C3862493F}.Debug|Any CPU.ActiveCfg = Debug|Any CPU
		{22CFE0D2-8DCA-42D7-AD7D-784C3862493F}.Debug|Any CPU.Build.0 = Debug|Any CPU
		{22CFE0D2-8DCA-42D7-AD7D-784C3862493F}.Release|Any CPU.ActiveCfg = Release|Any CPU
		{22CFE0D2-8DCA-42D7-AD7D-784C3862493F}.Release|Any CPU.Build.0 = Release|Any CPU
		{A2213374-BB48-48FD-BBD4-81E6A961D866}.Debug|Any CPU.ActiveCfg = Debug|Any CPU
		{A2213374-BB48-48FD-BBD4-81E6A961D866}.Debug|Any CPU.Build.0 = Debug|Any CPU
		{A2213374-BB48-48FD-BBD4-81E6A961D866}.Release|Any CPU.ActiveCfg = Release|Any CPU
		{A2213374-BB48-48FD-BBD4-81E6A961D866}.Release|Any CPU.Build.0 = Release|Any CPU
		{E0580562-F8F2-4EBB-B07A-ABFC6F2C314F}.Debug|Any CPU.ActiveCfg = Debug|Any CPU
		{E0580562-F8F2-4EBB-B07A-ABFC6F2C314F}.Debug|Any CPU.Build.0 = Debug|Any CPU
		{E0580562-F8F2-4EBB-B07A-ABFC6F2C314F}.Release|Any CPU.ActiveCfg = Release|Any CPU
		{E0580562-F8F2-4EBB-B07A-ABFC6F2C314F}.Release|Any CPU.Build.0 = Release|Any CPU
		{8C49F763-74FE-4BFB-9224-0DF1BDDC6E5A}.Debug|Any CPU.ActiveCfg = Debug|Any CPU
		{8C49F763-74FE-4BFB-9224-0DF1BDDC6E5A}.Debug|Any CPU.Build.0 = Debug|Any CPU
		{8C49F763-74FE-4BFB-9224-0DF1BDDC6E5A}.Release|Any CPU.ActiveCfg = Release|Any CPU
		{8C49F763-74FE-4BFB-9224-0DF1BDDC6E5A}.Release|Any CPU.Build.0 = Release|Any CPU
		{2AF22696-CBD7-436C-835D-036E2A3DA651}.Debug|Any CPU.ActiveCfg = Debug|Any CPU
		{2AF22696-CBD7-436C-835D-036E2A3DA651}.Debug|Any CPU.Build.0 = Debug|Any CPU
		{2AF22696-CBD7-436C-835D-036E2A3DA651}.Release|Any CPU.ActiveCfg = Release|Any CPU
		{2AF22696-CBD7-436C-835D-036E2A3DA651}.Release|Any CPU.Build.0 = Release|Any CPU
		{16A001AB-5302-475C-A7E5-54FE621E9C74}.Debug|Any CPU.ActiveCfg = Debug|Any CPU
		{16A001AB-5302-475C-A7E5-54FE621E9C74}.Debug|Any CPU.Build.0 = Debug|Any CPU
		{16A001AB-5302-475C-A7E5-54FE621E9C74}.Release|Any CPU.ActiveCfg = Release|Any CPU
		{16A001AB-5302-475C-A7E5-54FE621E9C74}.Release|Any CPU.Build.0 = Release|Any CPU
		{78080034-04EF-45F1-AACC-AF840BB3B11C}.Debug|Any CPU.ActiveCfg = Debug|Any CPU
		{78080034-04EF-45F1-AACC-AF840BB3B11C}.Debug|Any CPU.Build.0 = Debug|Any CPU
		{78080034-04EF-45F1-AACC-AF840BB3B11C}.Release|Any CPU.ActiveCfg = Release|Any CPU
		{78080034-04EF-45F1-AACC-AF840BB3B11C}.Release|Any CPU.Build.0 = Release|Any CPU
		{ED99F3DF-5EB6-4EC4-90C3-8302155525ED}.Debug|Any CPU.ActiveCfg = Debug|Any CPU
		{ED99F3DF-5EB6-4EC4-90C3-8302155525ED}.Debug|Any CPU.Build.0 = Debug|Any CPU
		{ED99F3DF-5EB6-4EC4-90C3-8302155525ED}.Release|Any CPU.ActiveCfg = Release|Any CPU
		{ED99F3DF-5EB6-4EC4-90C3-8302155525ED}.Release|Any CPU.Build.0 = Release|Any CPU
		{A4DA9148-A0F6-4C42-8F3B-6FD580E7DE4B}.Debug|Any CPU.ActiveCfg = Debug|Any CPU
		{A4DA9148-A0F6-4C42-8F3B-6FD580E7DE4B}.Debug|Any CPU.Build.0 = Debug|Any CPU
		{A4DA9148-A0F6-4C42-8F3B-6FD580E7DE4B}.Release|Any CPU.ActiveCfg = Release|Any CPU
		{A4DA9148-A0F6-4C42-8F3B-6FD580E7DE4B}.Release|Any CPU.Build.0 = Release|Any CPU
		{29A76794-51A8-4CCA-BC75-B4913A947E47}.Debug|Any CPU.ActiveCfg = Debug|Any CPU
		{29A76794-51A8-4CCA-BC75-B4913A947E47}.Debug|Any CPU.Build.0 = Debug|Any CPU
		{29A76794-51A8-4CCA-BC75-B4913A947E47}.Release|Any CPU.ActiveCfg = Release|Any CPU
		{29A76794-51A8-4CCA-BC75-B4913A947E47}.Release|Any CPU.Build.0 = Release|Any CPU
		{4AA60522-924C-4A34-95F5-21F66C585F22}.Debug|Any CPU.ActiveCfg = Debug|Any CPU
		{4AA60522-924C-4A34-95F5-21F66C585F22}.Debug|Any CPU.Build.0 = Debug|Any CPU
		{4AA60522-924C-4A34-95F5-21F66C585F22}.Release|Any CPU.ActiveCfg = Release|Any CPU
		{4AA60522-924C-4A34-95F5-21F66C585F22}.Release|Any CPU.Build.0 = Release|Any CPU
		{6AE2E139-FAC2-4580-A656-1A7F1E820566}.Debug|Any CPU.ActiveCfg = Debug|Any CPU
		{6AE2E139-FAC2-4580-A656-1A7F1E820566}.Debug|Any CPU.Build.0 = Debug|Any CPU
		{6AE2E139-FAC2-4580-A656-1A7F1E820566}.Release|Any CPU.ActiveCfg = Release|Any CPU
		{6AE2E139-FAC2-4580-A656-1A7F1E820566}.Release|Any CPU.Build.0 = Release|Any CPU
		{C0519A22-F88E-4ECB-A460-AC48D89B10E1}.Debug|Any CPU.ActiveCfg = Debug|Any CPU
		{C0519A22-F88E-4ECB-A460-AC48D89B10E1}.Debug|Any CPU.Build.0 = Debug|Any CPU
		{C0519A22-F88E-4ECB-A460-AC48D89B10E1}.Release|Any CPU.ActiveCfg = Release|Any CPU
		{C0519A22-F88E-4ECB-A460-AC48D89B10E1}.Release|Any CPU.Build.0 = Release|Any CPU
		{BCA43974-659F-45C6-B539-73EA5B63F9D1}.Debug|Any CPU.ActiveCfg = Debug|Any CPU
		{BCA43974-659F-45C6-B539-73EA5B63F9D1}.Debug|Any CPU.Build.0 = Debug|Any CPU
		{BCA43974-659F-45C6-B539-73EA5B63F9D1}.Release|Any CPU.ActiveCfg = Release|Any CPU
		{BCA43974-659F-45C6-B539-73EA5B63F9D1}.Release|Any CPU.Build.0 = Release|Any CPU
		{67B8FEDC-14A6-4C14-927A-4913052E19FA}.Debug|Any CPU.ActiveCfg = Debug|Any CPU
		{67B8FEDC-14A6-4C14-927A-4913052E19FA}.Debug|Any CPU.Build.0 = Debug|Any CPU
		{67B8FEDC-14A6-4C14-927A-4913052E19FA}.Release|Any CPU.ActiveCfg = Release|Any CPU
		{67B8FEDC-14A6-4C14-927A-4913052E19FA}.Release|Any CPU.Build.0 = Release|Any CPU
	EndGlobalSection
	GlobalSection(SolutionProperties) = preSolution
		HideSolutionNode = FALSE
	EndGlobalSection
	GlobalSection(NestedProjects) = preSolution
		{0FA75A5B-AB83-4FD0-B545-279774C01E87} = {AFAA0841-BD93-466F-B8F4-FB4EEC86F1FC}
		{3870C648-4AEA-4B85-BA3F-F2F63B96136A} = {AFAA0841-BD93-466F-B8F4-FB4EEC86F1FC}
		{0D4C5D00-C144-4213-A007-4B8944113AB1} = {F10AA149-2626-486E-85BB-9CD5365F3016}
		{880B3591-E057-46FE-B525-10BD83828B93} = {AFAA0841-BD93-466F-B8F4-FB4EEC86F1FC}
		{38E184BD-E874-4633-A947-AED4FDB73F40} = {AFAA0841-BD93-466F-B8F4-FB4EEC86F1FC}
		{22CFE0D2-8DCA-42D7-AD7D-784C3862493F} = {AFAA0841-BD93-466F-B8F4-FB4EEC86F1FC}
		{A2213374-BB48-48FD-BBD4-81E6A961D866} = {AFAA0841-BD93-466F-B8F4-FB4EEC86F1FC}
		{E0580562-F8F2-4EBB-B07A-ABFC6F2C314F} = {AFAA0841-BD93-466F-B8F4-FB4EEC86F1FC}
		{8C49F763-74FE-4BFB-9224-0DF1BDDC6E5A} = {1B4E6C10-6698-45F8-9AAF-18921368CBE2}
		{2AF22696-CBD7-436C-835D-036E2A3DA651} = {1B4E6C10-6698-45F8-9AAF-18921368CBE2}
		{16A001AB-5302-475C-A7E5-54FE621E9C74} = {1B4E6C10-6698-45F8-9AAF-18921368CBE2}
		{78080034-04EF-45F1-AACC-AF840BB3B11C} = {1B4E6C10-6698-45F8-9AAF-18921368CBE2}
		{ED99F3DF-5EB6-4EC4-90C3-8302155525ED} = {1B4E6C10-6698-45F8-9AAF-18921368CBE2}
		{A4DA9148-A0F6-4C42-8F3B-6FD580E7DE4B} = {1B4E6C10-6698-45F8-9AAF-18921368CBE2}
		{29A76794-51A8-4CCA-BC75-B4913A947E47} = {1B4E6C10-6698-45F8-9AAF-18921368CBE2}
		{4AA60522-924C-4A34-95F5-21F66C585F22} = {1B4E6C10-6698-45F8-9AAF-18921368CBE2}
		{6AE2E139-FAC2-4580-A656-1A7F1E820566} = {1B4E6C10-6698-45F8-9AAF-18921368CBE2}
		{C0519A22-F88E-4ECB-A460-AC48D89B10E1} = {1B4E6C10-6698-45F8-9AAF-18921368CBE2}
		{BCA43974-659F-45C6-B539-73EA5B63F9D1} = {1B4E6C10-6698-45F8-9AAF-18921368CBE2}
		{67B8FEDC-14A6-4C14-927A-4913052E19FA} = {1B4E6C10-6698-45F8-9AAF-18921368CBE2}
	EndGlobalSection
	GlobalSection(ExtensibilityGlobals) = postSolution
		SolutionGuid = {79F2FC2A-4C2B-48D6-9B46-97D2CCB367D6}
	EndGlobalSection
	GlobalSection(TeamFoundationVersionControl) = preSolution
		SccNumberOfProjects = 21
		SccEnterpriseProvider = {4CA58AB2-18FA-4F8D-95D4-32DDF27D184C}
		SccTeamFoundationServer = https://infinitysales.visualstudio.com/
		SccLocalPath0 = .
		SccProjectUniqueName1 = src\\InfinitySales.Application\\InfinitySales.Application.csproj
		SccProjectTopLevelParentUniqueName1 = InfinitySales.sln
		SccProjectName1 = src/InfinitySales.Application
		SccLocalPath1 = src\\InfinitySales.Application
		SccProjectUniqueName2 = test\\InfinitySales.Tests\\InfinitySales.Tests.csproj
		SccProjectTopLevelParentUniqueName2 = InfinitySales.sln
		SccProjectName2 = test/InfinitySales.Tests
		SccLocalPath2 = test\\InfinitySales.Tests
		SccProjectUniqueName3 = src\\InfinitySales.Core\\InfinitySales.Core.csproj
		SccProjectTopLevelParentUniqueName3 = InfinitySales.sln
		SccProjectName3 = src/InfinitySales.Core
		SccLocalPath3 = src\\InfinitySales.Core
		SccProjectUniqueName4 = src\\InfinitySales.Migrator\\InfinitySales.Migrator.csproj
		SccProjectTopLevelParentUniqueName4 = InfinitySales.sln
		SccProjectName4 = src/InfinitySales.Migrator
		SccLocalPath4 = src\\InfinitySales.Migrator
		SccProjectUniqueName5 = src\\InfinitySales.Web.Host\\InfinitySales.Web.Host.csproj
		SccProjectTopLevelParentUniqueName5 = InfinitySales.sln
		SccProjectName5 = src/InfinitySales.Web.Host
		SccLocalPath5 = src\\InfinitySales.Web.Host
		SccProjectUniqueName6 = src\\InfinitySales.Web.Core\\InfinitySales.Web.Core.csproj
		SccProjectTopLevelParentUniqueName6 = InfinitySales.sln
		SccProjectName6 = src/InfinitySales.Web.Core
		SccLocalPath6 = src\\InfinitySales.Web.Core
		SccProjectUniqueName7 = src\\InfinitySales.Web.Mvc\\InfinitySales.Web.Mvc.csproj
		SccProjectTopLevelParentUniqueName7 = InfinitySales.sln
		SccProjectName7 = src/InfinitySales.Web.Mvc
		SccLocalPath7 = src\\InfinitySales.Web.Mvc
		SccProjectUniqueName8 = src\\InfinitySales.EntityFrameworkCore\\InfinitySales.EntityFrameworkCore.csproj
		SccProjectTopLevelParentUniqueName8 = InfinitySales.sln
		SccProjectName8 = src/InfinitySales.EntityFrameworkCore
		SccLocalPath8 = src\\InfinitySales.EntityFrameworkCore
		SccProjectUniqueName9 = base\\Abp.AutoMapper\\Abp.AutoMapper.csproj
		SccProjectTopLevelParentUniqueName9 = InfinitySales.sln
		SccProjectName9 = base/Abp.AutoMapper
		SccLocalPath9 = base\\Abp.AutoMapper
		SccProjectUniqueName10 = base\\Abp\\Abp.csproj
		SccProjectTopLevelParentUniqueName10 = InfinitySales.sln
		SccProjectName10 = base/Abp
		SccLocalPath10 = base\\Abp
		SccProjectUniqueName11 = base\\Abp.MailKit\\Abp.MailKit.csproj
		SccProjectTopLevelParentUniqueName11 = InfinitySales.sln
		SccProjectName11 = base/Abp.MailKit
		SccLocalPath11 = base\\Abp.MailKit
		SccProjectUniqueName12 = base\\Abp.ZeroCore.EntityFrameworkCore\\Abp.ZeroCore.EntityFrameworkCore.csproj
		SccProjectTopLevelParentUniqueName12 = InfinitySales.sln
		SccProjectName12 = base/Abp.ZeroCore.EntityFrameworkCore
		SccLocalPath12 = base\\Abp.ZeroCore.EntityFrameworkCore
		SccProjectUniqueName13 = base\\Abp.EntityFramework.Common\\Abp.EntityFramework.Common.csproj
		SccProjectTopLevelParentUniqueName13 = InfinitySales.sln
		SccProjectName13 = base/Abp.EntityFramework.Common
		SccLocalPath13 = base\\Abp.EntityFramework.Common
		SccProjectUniqueName14 = base\\Abp.Zero.Common\\Abp.Zero.Common.csproj
		SccProjectTopLevelParentUniqueName14 = InfinitySales.sln
		SccProjectName14 = base/Abp.Zero.Common
		SccLocalPath14 = base\\Abp.Zero.Common
		SccProjectUniqueName15 = base\\Abp.ZeroCore\\Abp.ZeroCore.csproj
		SccProjectTopLevelParentUniqueName15 = InfinitySales.sln
		SccProjectName15 = base/Abp.ZeroCore
		SccLocalPath15 = base\\Abp.ZeroCore
		SccProjectUniqueName16 = base\\Abp.EntityFrameworkCore\\Abp.EntityFrameworkCore.csproj
		SccProjectTopLevelParentUniqueName16 = InfinitySales.sln
		SccProjectName16 = base/Abp.EntityFrameworkCore
		SccLocalPath16 = base\\Abp.EntityFrameworkCore
		SccProjectUniqueName17 = base\\Abp.Castle.Log4Net\\Abp.Castle.Log4Net.csproj
		SccProjectTopLevelParentUniqueName17 = InfinitySales.sln
		SccProjectName17 = base/Abp.Castle.Log4Net
		SccLocalPath17 = base\\Abp.Castle.Log4Net
		SccProjectUniqueName18 = base\\Abp.AspNetCore\\Abp.AspNetCore.csproj
		SccProjectTopLevelParentUniqueName18 = InfinitySales.sln
		SccProjectName18 = base/Abp.AspNetCore
		SccLocalPath18 = base\\Abp.AspNetCore
		SccProjectUniqueName19 = base\\Abp.Web.Common\\Abp.Web.Common.csproj
		SccProjectTopLevelParentUniqueName19 = InfinitySales.sln
		SccProjectName19 = base/Abp.Web.Common
		SccLocalPath19 = base\\Abp.Web.Common
		SccProjectUniqueName20 = base\\Abp.AspNetCore.SignalR\\Abp.AspNetCore.SignalR.csproj
		SccProjectTopLevelParentUniqueName20 = InfinitySales.sln
		SccProjectName20 = base/Abp.AspNetCore.SignalR
		SccLocalPath20 = base\\Abp.AspNetCore.SignalR
	EndGlobalSection
EndGlobal
